
Microsoft Visual Studio Solution File, Format Version 12.00
# Visual Studio Version 16
VisualStudioVersion = 16.0.29306.81
MinimumVisualStudioVersion = 10.0.40219.1
Project("{FAE04EC0-301F-11D3-BF4B-00C04F79EFBC}") = "TSPPLIB", "TSPPLIB\TSPPLIB.csproj", "{ED4D2CCA-A7F7-4900-A07C-E48A38C0AF4D}"
EndProject
Global
	GlobalSection(SolutionConfigurationPlatforms) = preSolution
		Debug|Any CPU = Debug|Any CPU
		Release|Any CPU = Release|Any CPU
	EndGlobalSection
	GlobalSection(ProjectConfigurationPlatforms) = postSolution
		{ED4D2CCA-A7F7-4900-A07C-E48A38C0AF4D}.Debug|Any CPU.ActiveCfg = Debug|Any CPU
		{ED4D2CCA-A7F7-4900-A07C-E48A38C0AF4D}.Debug|Any CPU.Build.0 = Debug|Any CPU
		{ED4D2CCA-A7F7-4900-A07C-E48A38C0AF4D}.Release|Any CPU.ActiveCfg = Release|Any CPU
		{ED4D2CCA-A7F7-4900-A07C-E48A38C0AF4D}.Release|Any CPU.Build.0 = Release|Any CPU
	EndGlobalSection
	GlobalSection(SolutionProperties) = preSolution
		HideSolutionNode = FALSE
	EndGlobalSection
	GlobalSection(ExtensibilityGlobals) = postSolution
		SolutionGuid = {CC58721D-AD68-4925-ADB8-3DE0EB002116}
	EndGlobalSection
EndGlobal
